
Microsoft Visual Studio Solution File, Format Version 12.00
# Visual Studio Version 17
VisualStudioVersion = 17.4.33122.133
MinimumVisualStudioVersion = 10.0.40219.1
Project("{8BC9CEB8-8B4A-11D0-8D11-00A0C91BC942}") = "dkr_prohorchuk", "dkr_prohorchuk\dkr_prohorchuk.vcxproj", "{35F3BC0E-6673-4010-9965-C6B20CED4F9C}"
EndProject
Global
	GlobalSection(SolutionConfigurationPlatforms) = preSolution
		Debug|x64 = Debug|x64
		Debug|x86 = Debug|x86
		Release|x64 = Release|x64
		Release|x86 = Release|x86
	EndGlobalSection
	GlobalSection(ProjectConfigurationPlatforms) = postSolution
		{35F3BC0E-6673-4010-9965-C6B20CED4F9C}.Debug|x64.ActiveCfg = Debug|x64
		{35F3BC0E-6673-4010-9965-C6B20CED4F9C}.Debug|x64.Build.0 = Debug|x64
		{35F3BC0E-6673-4010-9965-C6B20CED4F9C}.Debug|x86.ActiveCfg = Debug|Win32
		{35F3BC0E-6673-4010-9965-C6B20CED4F9C}.Debug|x86.Build.0 = Debug|Win32
		{35F3BC0E-6673-4010-9965-C6B20CED4F9C}.Release|x64.ActiveCfg = Release|x64
		{35F3BC0E-6673-4010-9965-C6B20CED4F9C}.Release|x64.Build.0 = Release|x64
		{35F3BC0E-6673-4010-9965-C6B20CED4F9C}.Release|x86.ActiveCfg = Release|Win32
		{35F3BC0E-6673-4010-9965-C6B20CED4F9C}.Release|x86.Build.0 = Release|Win32
	EndGlobalSection
	GlobalSection(SolutionProperties) = preSolution
		HideSolutionNode = FALSE
	EndGlobalSection
	GlobalSection(ExtensibilityGlobals) = postSolution
		SolutionGuid = {3EB21F61-76D0-4BA5-8FA1-78CCCE4F8026}
	EndGlobalSection
EndGlobal
